
Microsoft Visual Studio Solution File, Format Version 12.00
# Visual Studio Version 16
VisualStudioVersion = 16.0.31005.135
MinimumVisualStudioVersion = 10.0.40219.1
Project("{FAE04EC0-301F-11D3-BF4B-00C04F79EFBC}") = "Galaxies", "Galaxies\Galaxies.csproj", "{DB931467-18DF-44A9-B724-2571B39C996B}"
EndProject
Global
	GlobalSection(SolutionConfigurationPlatforms) = preSolution
		Debug|Any CPU = Debug|Any CPU
		Release|Any CPU = Release|Any CPU
	EndGlobalSection
	GlobalSection(ProjectConfigurationPlatforms) = postSolution
		{DB931467-18DF-44A9-B724-2571B39C996B}.Debug|Any CPU.ActiveCfg = Debug|Any CPU
		{DB931467-18DF-44A9-B724-2571B39C996B}.Debug|Any CPU.Build.0 = Debug|Any CPU
		{DB931467-18DF-44A9-B724-2571B39C996B}.Release|Any CPU.ActiveCfg = Release|Any CPU
		{DB931467-18DF-44A9-B724-2571B39C996B}.Release|Any CPU.Build.0 = Release|Any CPU
	EndGlobalSection
	GlobalSection(SolutionProperties) = preSolution
		HideSolutionNode = FALSE
	EndGlobalSection
	GlobalSection(ExtensibilityGlobals) = postSolution
		SolutionGuid = {A3B1B30C-C0F2-4FC1-B1A9-B22CC5152BB3}
	EndGlobalSection
EndGlobal
